
Microsoft Visual Studio Solution File, Format Version 12.00
# Visual Studio Version 16
VisualStudioVersion = 16.0.30225.117
MinimumVisualStudioVersion = 10.0.40219.1
Project("{FAE04EC0-301F-11D3-BF4B-00C04F79EFBC}") = "falloutSolver", "falloutSolver.csproj", "{49A45AE2-23A0-45D9-910B-F2AD93CDBBD4}"
EndProject
Global
	GlobalSection(SolutionConfigurationPlatforms) = preSolution
		Debug|Any CPU = Debug|Any CPU
		Release|Any CPU = Release|Any CPU
	EndGlobalSection
	GlobalSection(ProjectConfigurationPlatforms) = postSolution
		{49A45AE2-23A0-45D9-910B-F2AD93CDBBD4}.Debug|Any CPU.ActiveCfg = Debug|Any CPU
		{49A45AE2-23A0-45D9-910B-F2AD93CDBBD4}.Debug|Any CPU.Build.0 = Debug|Any CPU
		{49A45AE2-23A0-45D9-910B-F2AD93CDBBD4}.Release|Any CPU.ActiveCfg = Release|Any CPU
		{49A45AE2-23A0-45D9-910B-F2AD93CDBBD4}.Release|Any CPU.Build.0 = Release|Any CPU
	EndGlobalSection
	GlobalSection(SolutionProperties) = preSolution
		HideSolutionNode = FALSE
	EndGlobalSection
	GlobalSection(ExtensibilityGlobals) = postSolution
		SolutionGuid = {3303C42B-7662-48FF-9E6A-1366B818744C}
	EndGlobalSection
EndGlobal
